// !$*UTF8*$!
{
	archiveVersion = 1;
	classes = {
	};
	objectVersion = 46;
	objects = {

/* Begin PBXBuildFile section */
		D876087A1D616D6D00945386 /* main.m in Sources */ = {isa = PBXBuildFile; fileRef = D87608791D616D6D00945386 /* main.m */; };
		D876087D1D616D6D00945386 /* AppDelegate.m in Sources */ = {isa = PBXBuildFile; fileRef = D876087C1D616D6D00945386 /* AppDelegate.m */; };
		D87608831D616D6D00945386 /* Main.storyboard in Resources */ = {isa = PBXBuildFile; fileRef = D87608811D616D6D00945386 /* Main.storyboard */; };
		D87608851D616D6D00945386 /* Assets.xcassets in Resources */ = {isa = PBXBuildFile; fileRef = D87608841D616D6D00945386 /* Assets.xcassets */; };
		D87608881D616D6D00945386 /* LaunchScreen.storyboard in Resources */ = {isa = PBXBuildFile; fileRef = D87608861D616D6D00945386 /* LaunchScreen.storyboard */; };
		D87608931D616D6D00945386 /* LpfLineChartTests.m in Sources */ = {isa = PBXBuildFile; fileRef = D87608921D616D6D00945386 /* LpfLineChartTests.m */; };
		D876089E1D616D6D00945386 /* LpfLineChartUITests.m in Sources */ = {isa = PBXBuildFile; fileRef = D876089D1D616D6D00945386 /* LpfLineChartUITests.m */; };
		D87608B01D61714F00945386 /* LpfLineChartView.m in Sources */ = {isa = PBXBuildFile; fileRef = D87608AF1D61714E00945386 /* LpfLineChartView.m */; };
		D87608B31D61716500945386 /* LpfPointModel.m in Sources */ = {isa = PBXBuildFile; fileRef = D87608B21D61716500945386 /* LpfPointModel.m */; };
		D87608B61D61977900945386 /* LpfLineChartViewController.m in Sources */ = {isa = PBXBuildFile; fileRef = D87608B51D61977900945386 /* LpfLineChartViewController.m */; };
/* End PBXBuildFile section */

/* Begin PBXContainerItemProxy section */
		D876088F1D616D6D00945386 /* PBXContainerItemProxy */ = {
			isa = PBXContainerItemProxy;
			containerPortal = D876086D1D616D6D00945386 /* Project object */;
			proxyType = 1;
			remoteGlobalIDString = D87608741D616D6D00945386;
			remoteInfo = LpfLineChart;
		};
		D876089A1D616D6D00945386 /* PBXContainerItemProxy */ = {
			isa = PBXContainerItemProxy;
			containerPortal = D876086D1D616D6D00945386 /* Project object */;
			proxyType = 1;
			remoteGlobalIDString = D87608741D616D6D00945386;
			remoteInfo = LpfLineChart;
		};
/* End PBXContainerItemProxy section */

/* Begin PBXFileReference section */
		D87608751D616D6D00945386 /* LpfLineChart.app */ = {isa = PBXFileReference; explicitFileType = wrapper.application; includeInIndex = 0; path = LpfLineChart.app; sourceTree = BUILT_PRODUCTS_DIR; };
		D87608791D616D6D00945386 /* main.m */ = {isa = PBXFileReference; lastKnownFileType = sourcecode.c.objc; path = main.m; sourceTree = "<group>"; };
		D876087B1D616D6D00945386 /* AppDelegate.h */ = {isa = PBXFileReference; lastKnownFileType = sourcecode.c.h; path = AppDelegate.h; sourceTree = "<group>"; };
		D876087C1D616D6D00945386 /* AppDelegate.m */ = {isa = PBXFileReference; lastKnownFileType = sourcecode.c.objc; path = AppDelegate.m; sourceTree = "<group>"; };
		D87608821D616D6D00945386 /* Base */ = {isa = PBXFileReference; lastKnownFileType = file.storyboard; name = Base; path = Base.lproj/Main.storyboard; sourceTree = "<group>"; };
		D87608841D616D6D00945386 /* Assets.xcassets */ = {isa = PBXFileReference; lastKnownFileType = folder.assetcatalog; path = Assets.xcassets; sourceTree = "<group>"; };
		D87608871D616D6D00945386 /* Base */ = {isa = PBXFileReference; lastKnownFileType = file.storyboard; name = Base; path = Base.lproj/LaunchScreen.storyboard; sourceTree = "<group>"; };
		D87608891D616D6D00945386 /* Info.plist */ = {isa = PBXFileReference; lastKnownFileType = text.plist.xml; path = Info.plist; sourceTree = "<group>"; };
		D876088E1D616D6D00945386 /* LpfLineChartTests.xctest */ = {isa = PBXFileReference; explicitFileType = wrapper.cfbundle; includeInIndex = 0; path = LpfLineChartTests.xctest; sourceTree = BUILT_PRODUCTS_DIR; };
		D87608921D616D6D00945386 /* LpfLineChartTests.m */ = {isa = PBXFileReference; lastKnownFileType = sourcecode.c.objc; path = LpfLineChartTests.m; sourceTree = "<group>"; };
		D87608941D616D6D00945386 /* Info.plist */ = {isa = PBXFileReference; lastKnownFileType = text.plist.xml; path = Info.plist; sourceTree = "<group>"; };
		D87608991D616D6D00945386 /* LpfLineChartUITests.xctest */ = {isa = PBXFileReference; explicitFileType = wrapper.cfbundle; includeInIndex = 0; path = LpfLineChartUITests.xctest; sourceTree = BUILT_PRODUCTS_DIR; };
		D876089D1D616D6D00945386 /* LpfLineChartUITests.m */ = {isa = PBXFileReference; lastKnownFileType = sourcecode.c.objc; path = LpfLineChartUITests.m; sourceTree = "<group>"; };
		D876089F1D616D6D00945386 /* Info.plist */ = {isa = PBXFileReference; lastKnownFileType = text.plist.xml; path = Info.plist; sourceTree = "<group>"; };
		D87608AE1D61714E00945386 /* LpfLineChartView.h */ = {isa = PBXFileReference; fileEncoding = 4; lastKnownFileType = sourcecode.c.h; path = LpfLineChartView.h; sourceTree = "<group>"; };
		D87608AF1D61714E00945386 /* LpfLineChartView.m */ = {isa = PBXFileReference; fileEncoding = 4; lastKnownFileType = sourcecode.c.objc; path = LpfLineChartView.m; sourceTree = "<group>"; };
		D87608B11D61716500945386 /* LpfPointModel.h */ = {isa = PBXFileReference; fileEncoding = 4; lastKnownFileType = sourcecode.c.h; path = LpfPointModel.h; sourceTree = "<group>"; };
		D87608B21D61716500945386 /* LpfPointModel.m */ = {isa = PBXFileReference; fileEncoding = 4; lastKnownFileType = sourcecode.c.objc; path = LpfPointModel.m; sourceTree = "<group>"; };
		D87608B41D61977900945386 /* LpfLineChartViewController.h */ = {isa = PBXFileReference; fileEncoding = 4; lastKnownFileType = sourcecode.c.h; path = LpfLineChartViewController.h; sourceTree = "<group>"; };
		D87608B51D61977900945386 /* LpfLineChartViewController.m */ = {isa = PBXFileReference; fileEncoding = 4; lastKnownFileType = sourcecode.c.objc; path = LpfLineChartViewController.m; sourceTree = "<group>"; };
/* End PBXFileReference section */

/* Begin PBXFrameworksBuildPhase section */
		D87608721D616D6D00945386 /* Frameworks */ = {
			isa = PBXFrameworksBuildPhase;
			buildActionMask = 2147483647;
			files = (
			);
			runOnlyForDeploymentPostprocessing = 0;
		};
		D876088B1D616D6D00945386 /* Frameworks */ = {
			isa = PBXFrameworksBuildPhase;
			buildActionMask = 2147483647;
			files = (
			);
			runOnlyForDeploymentPostprocessing = 0;
		};
		D87608961D616D6D00945386 /* Frameworks */ = {
			isa = PBXFrameworksBuildPhase;
			buildActionMask = 2147483647;
			files = (
			);
			runOnlyForDeploymentPostprocessing = 0;
		};
/* End PBXFrameworksBuildPhase section */

/* Begin PBXGroup section */
		D876086C1D616D6D00945386 = {
			isa = PBXGroup;
			children = (
				D87608771D616D6D00945386 /* LpfLineChart */,
				D87608911D616D6D00945386 /* LpfLineChartTests */,
				D876089C1D616D6D00945386 /* LpfLineChartUITests */,
				D87608761D616D6D00945386 /* Products */,
			);
			sourceTree = "<group>";
		};
		D87608761D616D6D00945386 /* Products */ = {
			isa = PBXGroup;
			children = (
				D87608751D616D6D00945386 /* LpfLineChart.app */,
				D876088E1D616D6D00945386 /* LpfLineChartTests.xctest */,
				D87608991D616D6D00945386 /* LpfLineChartUITests.xctest */,
			);
			name = Products;
			sourceTree = "<group>";
		};
		D87608771D616D6D00945386 /* LpfLineChart */ = {
			isa = PBXGroup;
			children = (
				D876087B1D616D6D00945386 /* AppDelegate.h */,
				D876087C1D616D6D00945386 /* AppDelegate.m */,
				D87608B41D61977900945386 /* LpfLineChartViewController.h */,
				D87608B51D61977900945386 /* LpfLineChartViewController.m */,
				D87608AE1D61714E00945386 /* LpfLineChartView.h */,
				D87608AF1D61714E00945386 /* LpfLineChartView.m */,
				D87608B11D61716500945386 /* LpfPointModel.h */,
				D87608B21D61716500945386 /* LpfPointModel.m */,
				D87608811D616D6D00945386 /* Main.storyboard */,
				D87608841D616D6D00945386 /* Assets.xcassets */,
				D87608861D616D6D00945386 /* LaunchScreen.storyboard */,
				D87608891D616D6D00945386 /* Info.plist */,
				D87608781D616D6D00945386 /* Supporting Files */,
			);
			path = LpfLineChart;
			sourceTree = "<group>";
		};
		D87608781D616D6D00945386 /* Supporting Files */ = {
			isa = PBXGroup;
			children = (
				D87608791D616D6D00945386 /* main.m */,
			);
			name = "Supporting Files";
			sourceTree = "<group>";
		};
		D87608911D616D6D00945386 /* LpfLineChartTests */ = {
			isa = PBXGroup;
			children = (
				D87608921D616D6D00945386 /* LpfLineChartTests.m */,
				D87608941D616D6D00945386 /* Info.plist */,
			);
			path = LpfLineChartTests;
			sourceTree = "<group>";
		};
		D876089C1D616D6D00945386 /* LpfLineChartUITests */ = {
			isa = PBXGroup;
			children = (
				D876089D1D616D6D00945386 /* LpfLineChartUITests.m */,
				D876089F1D616D6D00945386 /* Info.plist */,
			);
			path = LpfLineChartUITests;
			sourceTree = "<group>";
		};
/* End PBXGroup section */

/* Begin PBXNativeTarget section */
		D87608741D616D6D00945386 /* LpfLineChart */ = {
			isa = PBXNativeTarget;
			buildConfigurationList = D87608A21D616D6D00945386 /* Build configuration list for PBXNativeTarget "LpfLineChart" */;
			buildPhases = (
				D87608711D616D6D00945386 /* Sources */,
				D87608721D616D6D00945386 /* Frameworks */,
				D87608731D616D6D00945386 /* Resources */,
			);
			buildRules = (
			);
			dependencies = (
			);
			name = LpfLineChart;
			productName = LpfLineChart;
			productReference = D87608751D616D6D00945386 /* LpfLineChart.app */;
			productType = "com.apple.product-type.application";
		};
		D876088D1D616D6D00945386 /* LpfLineChartTests */ = {
			isa = PBXNativeTarget;
			buildConfigurationList = D87608A51D616D6D00945386 /* Build configuration list for PBXNativeTarget "LpfLineChartTests" */;
			buildPhases = (
				D876088A1D616D6D00945386 /* Sources */,
				D876088B1D616D6D00945386 /* Frameworks */,
				D876088C1D616D6D00945386 /* Resources */,
			);
			buildRules = (
			);
			dependencies = (
				D87608901D616D6D00945386 /* PBXTargetDependency */,
			);
			name = LpfLineChartTests;
			productName = LpfLineChartTests;
			productReference = D876088E1D616D6D00945386 /* LpfLineChartTests.xctest */;
			productType = "com.apple.product-type.bundle.unit-test";
		};
		D87608981D616D6D00945386 /* LpfLineChartUITests */ = {
			isa = PBXNativeTarget;
			buildConfigurationList = D87608A81D616D6D00945386 /* Build configuration list for PBXNativeTarget "LpfLineChartUITests" */;
			buildPhases = (
				D87608951D616D6D00945386 /* Sources */,
				D87608961D616D6D00945386 /* Frameworks */,
				D87608971D616D6D00945386 /* Resources */,
			);
			buildRules = (
			);
			dependencies = (
				D876089B1D616D6D00945386 /* PBXTargetDependency */,
			);
			name = LpfLineChartUITests;
			productName = LpfLineChartUITests;
			productReference = D87608991D616D6D00945386 /* LpfLineChartUITests.xctest */;
			productType = "com.apple.product-type.bundle.ui-testing";
		};
/* End PBXNativeTarget section */

/* Begin PBXProject section */
		D876086D1D616D6D00945386 /* Project object */ = {
			isa = PBXProject;
			attributes = {
				LastUpgradeCheck = 0730;
				ORGANIZATIONNAME = roc;
				TargetAttributes = {
					D87608741D616D6D00945386 = {
						CreatedOnToolsVersion = 7.3;
						DevelopmentTeam = 5E6EZZ7JT4;
					};
					D876088D1D616D6D00945386 = {
						CreatedOnToolsVersion = 7.3;
						TestTargetID = D87608741D616D6D00945386;
					};
					D87608981D616D6D00945386 = {
						CreatedOnToolsVersion = 7.3;
						TestTargetID = D87608741D616D6D00945386;
					};
				};
			};
			buildConfigurationList = D87608701D616D6D00945386 /* Build configuration list for PBXProject "LpfLineChart" */;
			compatibilityVersion = "Xcode 3.2";
			developmentRegion = English;
			hasScannedForEncodings = 0;
			knownRegions = (
				en,
				Base,
			);
			mainGroup = D876086C1D616D6D00945386;
			productRefGroup = D87608761D616D6D00945386 /* Products */;
			projectDirPath = "";
			projectRoot = "";
			targets = (
				D87608741D616D6D00945386 /* LpfLineChart */,
				D876088D1D616D6D00945386 /* LpfLineChartTests */,
				D87608981D616D6D00945386 /* LpfLineChartUITests */,
			);
		};
/* End PBXProject section */

/* Begin PBXResourcesBuildPhase section */
		D87608731D616D6D00945386 /* Resources */ = {
			isa = PBXResourcesBuildPhase;
			buildActionMask = 2147483647;
			files = (
				D87608881D616D6D00945386 /* LaunchScreen.storyboard in Resources */,
				D87608851D616D6D00945386 /* Assets.xcassets in Resources */,
				D87608831D616D6D00945386 /* Main.storyboard in Resources */,
			);
			runOnlyForDeploymentPostprocessing = 0;
		};
		D876088C1D616D6D00945386 /* Resources */ = {
			isa = PBXResourcesBuildPhase;
			buildActionMask = 2147483647;
			files = (
			);
			runOnlyForDeploymentPostprocessing = 0;
		};
		D87608971D616D6D00945386 /* Resources */ = {
			isa = PBXResourcesBuildPhase;
			buildActionMask = 2147483647;
			files = (
			);
			runOnlyForDeploymentPostprocessing = 0;
		};
/* End PBXResourcesBuildPhase section */

/* Begin PBXSourcesBuildPhase section */
		D87608711D616D6D00945386 /* Sources */ = {
			isa = PBXSourcesBuildPhase;
			buildActionMask = 2147483647;
			files = (
				D87608B01D61714F00945386 /* LpfLineChartView.m in Sources */,
				D876087D1D616D6D00945386 /* AppDelegate.m in Sources */,
				D87608B31D61716500945386 /* LpfPointModel.m in Sources */,
				D87608B61D61977900945386 /* LpfLineChartViewController.m in Sources */,
				D876087A1D616D6D00945386 /* main.m in Sources */,
			);
			runOnlyForDeploymentPostprocessing = 0;
		};
		D876088A1D616D6D00945386 /* Sources */ = {
			isa = PBXSourcesBuildPhase;
			buildActionMask = 2147483647;
			files = (
				D87608931D616D6D00945386 /* LpfLineChartTests.m in Sources */,
			);
			runOnlyForDeploymentPostprocessing = 0;
		};
		D87608951D616D6D00945386 /* Sources */ = {
			isa = PBXSourcesBuildPhase;
			buildActionMask = 2147483647;
			files = (
				D876089E1D616D6D00945386 /* LpfLineChartUITests.m in Sources */,
			);
			runOnlyForDeploymentPostprocessing = 0;
		};
/* End PBXSourcesBuildPhase section */

/* Begin PBXTargetDependency section */
		D87608901D616D6D00945386 /* PBXTargetDependency */ = {
			isa = PBXTargetDependency;
			target = D87608741D616D6D00945386 /* LpfLineChart */;
			targetProxy = D876088F1D616D6D00945386 /* PBXContainerItemProxy */;
		};
		D876089B1D616D6D00945386 /* PBXTargetDependency */ = {
			isa = PBXTargetDependency;
			target = D87608741D616D6D00945386 /* LpfLineChart */;
			targetProxy = D876089A1D616D6D00945386 /* PBXContainerItemProxy */;
		};
/* End PBXTargetDependency section */

/* Begin PBXVariantGroup section */
		D87608811D616D6D00945386 /* Main.storyboard */ = {
			isa = PBXVariantGroup;
			children = (
				D87608821D616D6D00945386 /* Base */,
			);
			name = Main.storyboard;
			sourceTree = "<group>";
		};
		D87608861D616D6D00945386 /* LaunchScreen.storyboard */ = {
			isa = PBXVariantGroup;
			children = (
				D87608871D616D6D00945386 /* Base */,
			);
			name = LaunchScreen.storyboard;
			sourceTree = "<group>";
		};
/* End PBXVariantGroup section */

/* Begin XCBuildConfiguration section */
		D87608A01D616D6D00945386 /* Debug */ = {
			isa = XCBuildConfiguration;
			buildSettings = {
				ALWAYS_SEARCH_USER_PATHS = NO;
				CLANG_ANALYZER_NONNULL = YES;
				CLANG_CXX_LANGUAGE_STANDARD = "gnu++0x";
				CLANG_CXX_LIBRARY = "libc++";
				CLANG_ENABLE_MODULES = YES;
				CLANG_ENABLE_OBJC_ARC = YES;
				CLANG_WARN_BOOL_CONVERSION = YES;
				CLANG_WARN_CONSTANT_CONVERSION = YES;
				CLANG_WARN_DIRECT_OBJC_ISA_USAGE = YES_ERROR;
				CLANG_WARN_EMPTY_BODY = YES;
				CLANG_WARN_ENUM_CONVERSION = YES;
				CLANG_WARN_INT_CONVERSION = YES;
				CLANG_WARN_OBJC_ROOT_CLASS = YES_ERROR;
				CLANG_WARN_UNREACHABLE_CODE = YES;
				CLANG_WARN__DUPLICATE_METHOD_MATCH = YES;
				"CODE_SIGN_IDENTITY[sdk=iphoneos*]" = "iPhone Developer";
				COPY_PHASE_STRIP = NO;
				DEBUG_INFORMATION_FORMAT = dwarf;
				ENABLE_STRICT_OBJC_MSGSEND = YES;
				ENABLE_TESTABILITY = YES;
				GCC_C_LANGUAGE_STANDARD = gnu99;
				GCC_DYNAMIC_NO_PIC = NO;
				GCC_NO_COMMON_BLOCKS = YES;
				GCC_OPTIMIZATION_LEVEL = 0;
				GCC_PREPROCESSOR_DEFINITIONS = (
					"DEBUG=1",
					"$(inherited)",
				);
				GCC_WARN_64_TO_32_BIT_CONVERSION = YES;
				GCC_WARN_ABOUT_RETURN_TYPE = YES_ERROR;
				GCC_WARN_UNDECLARED_SELECTOR = YES;
				GCC_WARN_UNINITIALIZED_AUTOS = YES_AGGRESSIVE;
				GCC_WARN_UNUSED_FUNCTION = YES;
				GCC_WARN_UNUSED_VARIABLE = YES;
				IPHONEOS_DEPLOYMENT_TARGET = 9.3;
				MTL_ENABLE_DEBUG_INFO = YES;
				ONLY_ACTIVE_ARCH = YES;
				SDKROOT = iphoneos;
			};
			name = Debug;
		};
		D87608A11D616D6D00945386 /* Release */ = {
			isa = XCBuildConfiguration;
			buildSettings = {
				ALWAYS_SEARCH_USER_PATHS = NO;
				CLANG_ANALYZER_NONNULL = YES;
				CLANG_CXX_LANGUAGE_STANDARD = "gnu++0x";
				CLANG_CXX_LIBRARY = "libc++";
				CLANG_ENABLE_MODULES = YES;
				CLANG_ENABLE_OBJC_ARC = YES;
				CLANG_WARN_BOOL_CONVERSION = YES;
				CLANG_WARN_CONSTANT_CONVERSION = YES;
				CLANG_WARN_DIRECT_OBJC_ISA_USAGE = YES_ERROR;
				CLANG_WARN_EMPTY_BODY = YES;
				CLANG_WARN_ENUM_CONVERSION = YES;
				CLANG_WARN_INT_CONVERSION = YES;
				CLANG_WARN_OBJC_ROOT_CLASS = YES_ERROR;
				CLANG_WARN_UNREACHABLE_CODE = YES;
				CLANG_WARN__DUPLICATE_METHOD_MATCH = YES;
				"CODE_SIGN_IDENTITY[sdk=iphoneos*]" = "iPhone Developer";
				COPY_PHASE_STRIP = NO;
				DEBUG_INFORMATION_FORMAT = "dwarf-with-dsym";
				ENABLE_NS_ASSERTIONS = NO;
				ENABLE_STRICT_OBJC_MSGSEND = YES;
				GCC_C_LANGUAGE_STANDARD = gnu99;
				GCC_NO_COMMON_BLOCKS = YES;
				GCC_WARN_64_TO_32_BIT_CONVERSION = YES;
				GCC_WARN_ABOUT_RETURN_TYPE = YES_ERROR;
				GCC_WARN_UNDECLARED_SELECTOR = YES;
				GCC_WARN_UNINITIALIZED_AUTOS = YES_AGGRESSIVE;
				GCC_WARN_UNUSED_FUNCTION = YES;
				GCC_WARN_UNUSED_VARIABLE = YES;
				IPHONEOS_DEPLOYMENT_TARGET = 9.3;
				MTL_ENABLE_DEBUG_INFO = NO;
				SDKROOT = iphoneos;
				VALIDATE_PRODUCT = YES;
			};
			name = Release;
		};
		D87608A31D616D6D00945386 /* Debug */ = {
			isa = XCBuildConfiguration;
			buildSettings = {
				ASSETCATALOG_COMPILER_APPICON_NAME = AppIcon;
				DEVELOPMENT_TEAM = 5E6EZZ7JT4;
				INFOPLIST_FILE = LpfLineChart/Info.plist;
				IPHONEOS_DEPLOYMENT_TARGET = 7.1;
				LD_RUNPATH_SEARCH_PATHS = "$(inherited) @executable_path/Frameworks";
				PRODUCT_BUNDLE_IDENTIFIER = MB.LpfLineChart;
				PRODUCT_NAME = "$(TARGET_NAME)";
			};
			name = Debug;
		};
		D87608A41D616D6D00945386 /* Release */ = {
			isa = XCBuildConfiguration;
			buildSettings = {
				ASSETCATALOG_COMPILER_APPICON_NAME = AppIcon;
				DEVELOPMENT_TEAM = 5E6EZZ7JT4;
				INFOPLIST_FILE = LpfLineChart/Info.plist;
				IPHONEOS_DEPLOYMENT_TARGET = 7.1;
				LD_RUNPATH_SEARCH_PATHS = "$(inherited) @executable_path/Frameworks";
				PRODUCT_BUNDLE_IDENTIFIER = MB.LpfLineChart;
				PRODUCT_NAME = "$(TARGET_NAME)";
			};
			name = Release;
		};
		D87608A61D616D6D00945386 /* Debug */ = {
			isa = XCBuildConfiguration;
			buildSettings = {
				BUNDLE_LOADER = "$(TEST_HOST)";
				INFOPLIST_FILE = LpfLineChartTests/Info.plist;
				LD_RUNPATH_SEARCH_PATHS = "$(inherited) @executable_path/Frameworks @loader_path/Frameworks";
				PRODUCT_BUNDLE_IDENTIFIER = MB.LpfLineChartTests;
				PRODUCT_NAME = "$(TARGET_NAME)";
				TEST_HOST = "$(BUILT_PRODUCTS_DIR)/LpfLineChart.app/LpfLineChart";
			};
			name = Debug;
		};
		D87608A71D616D6D00945386 /* Release */ = {
			isa = XCBuildConfiguration;
			buildSettings = {
				BUNDLE_LOADER = "$(TEST_HOST)";
				INFOPLIST_FILE = LpfLineChartTests/Info.plist;
				LD_RUNPATH_SEARCH_PATHS = "$(inherited) @executable_path/Frameworks @loader_path/Frameworks";
				PRODUCT_BUNDLE_IDENTIFIER = MB.LpfLineChartTests;
				PRODUCT_NAME = "$(TARGET_NAME)";
				TEST_HOST = "$(BUILT_PRODUCTS_DIR)/LpfLineChart.app/LpfLineChart";
			};
			name = Release;
		};
		D87608A91D616D6D00945386 /* Debug */ = {
			isa = XCBuildConfiguration;
			buildSettings = {
				INFOPLIST_FILE = LpfLineChartUITests/Info.plist;
				LD_RUNPATH_SEARCH_PATHS = "$(inherited) @executable_path/Frameworks @loader_path/Frameworks";
				PRODUCT_BUNDLE_IDENTIFIER = MB.LpfLineChartUITests;
				PRODUCT_NAME = "$(TARGET_NAME)";
				TEST_TARGET_NAME = LpfLineChart;
			};
			name = Debug;
		};
		D87608AA1D616D6D00945386 /* Release */ = {
			isa = XCBuildConfiguration;
			buildSettings = {
				INFOPLIST_FILE = LpfLineChartUITests/Info.plist;
				LD_RUNPATH_SEARCH_PATHS = "$(inherited) @executable_path/Frameworks @loader_path/Frameworks";
				PRODUCT_BUNDLE_IDENTIFIER = MB.LpfLineChartUITests;
				PRODUCT_NAME = "$(TARGET_NAME)";
				TEST_TARGET_NAME = LpfLineChart;
			};
			name = Release;
		};
/* End XCBuildConfiguration section */

/* Begin XCConfigurationList section */
		D87608701D616D6D00945386 /* Build configuration list for PBXProject "LpfLineChart" */ = {
			isa = XCConfigurationList;
			buildConfigurations = (
				D87608A01D616D6D00945386 /* Debug */,
				D87608A11D616D6D00945386 /* Release */,
			);
			defaultConfigurationIsVisible = 0;
			defaultConfigurationName = Release;
		};
		D87608A21D616D6D00945386 /* Build configuration list for PBXNativeTarget "LpfLineChart" */ = {
			isa = XCConfigurationList;
			buildConfigurations = (
				D87608A31D616D6D00945386 /* Debug */,
				D87608A41D616D6D00945386 /* Release */,
			);
			defaultConfigurationIsVisible = 0;
			defaultConfigurationName = Release;
		};
		D87608A51D616D6D00945386 /* Build configuration list for PBXNativeTarget "LpfLineChartTests" */ = {
			isa = XCConfigurationList;
			buildConfigurations = (
				D87608A61D616D6D00945386 /* Debug */,
				D87608A71D616D6D00945386 /* Release */,
			);
			defaultConfigurationIsVisible = 0;
			defaultConfigurationName = Release;
		};
		D87608A81D616D6D00945386 /* Build configuration list for PBXNativeTarget "LpfLineChartUITests" */ = {
			isa = XCConfigurationList;
			buildConfigurations = (
				D87608A91D616D6D00945386 /* Debug */,
				D87608AA1D616D6D00945386 /* Release */,
			);
			defaultConfigurationIsVisible = 0;
			defaultConfigurationName = Release;
		};
/* End XCConfigurationList section */
	};
	rootObject = D876086D1D616D6D00945386 /* Project object */;
}
